// !$*UTF8*$!
{
	archiveVersion = 1;
	classes = {
	};
	objectVersion = 50;
	objects = {

/* Begin PBXBuildFile section */
		D4EBCCE522F0FC9A000E46AB /* AppDelegate.swift in Sources */ = {isa = PBXBuildFile; fileRef = D4EBCCE422F0FC9A000E46AB /* AppDelegate.swift */; };
		D4EBCCE722F0FC9A000E46AB /* PeriodViewController.swift in Sources */ = {isa = PBXBuildFile; fileRef = D4EBCCE622F0FC9A000E46AB /* PeriodViewController.swift */; };
		D4EBCCEA22F0FC9A000E46AB /* Main.storyboard in Resources */ = {isa = PBXBuildFile; fileRef = D4EBCCE822F0FC9A000E46AB /* Main.storyboard */; };
		D4EBCCEC22F0FC9B000E46AB /* Assets.xcassets in Resources */ = {isa = PBXBuildFile; fileRef = D4EBCCEB22F0FC9B000E46AB /* Assets.xcassets */; };
		D4EBCCEF22F0FC9B000E46AB /* LaunchScreen.storyboard in Resources */ = {isa = PBXBuildFile; fileRef = D4EBCCED22F0FC9B000E46AB /* LaunchScreen.storyboard */; };
		D4EBCCF722F0FDE5000E46AB /* Envelope.swift in Sources */ = {isa = PBXBuildFile; fileRef = D4EBCCF622F0FDE5000E46AB /* Envelope.swift */; };
		D4EBCCFB22F10DF2000E46AB /* FilledSpentBar.swift in Sources */ = {isa = PBXBuildFile; fileRef = D4EBCCFA22F10DF2000E46AB /* FilledSpentBar.swift */; };
		D4EBCD0322F5317E000E46AB /* EnvelopeTableViewCell.swift in Sources */ = {isa = PBXBuildFile; fileRef = D4EBCD0222F5317E000E46AB /* EnvelopeTableViewCell.swift */; };
		D4EBCD0522F5E463000E46AB /* EnvelopeDetailsViewController.swift in Sources */ = {isa = PBXBuildFile; fileRef = D4EBCD0422F5E463000E46AB /* EnvelopeDetailsViewController.swift */; };
		D4EBCD0722F6443C000E46AB /* AllPeriodsViewController.swift in Sources */ = {isa = PBXBuildFile; fileRef = D4EBCD0622F6443C000E46AB /* AllPeriodsViewController.swift */; };
		D4EBCD0922F6468C000E46AB /* Period.swift in Sources */ = {isa = PBXBuildFile; fileRef = D4EBCD0822F6468C000E46AB /* Period.swift */; };
		D4EBCD0B22F6827E000E46AB /* NewPeriodViewController.swift in Sources */ = {isa = PBXBuildFile; fileRef = D4EBCD0A22F6827E000E46AB /* NewPeriodViewController.swift */; };
		D4EBCD0D22F79ED3000E46AB /* NewEnvelopeViewController.swift in Sources */ = {isa = PBXBuildFile; fileRef = D4EBCD0C22F79ED3000E46AB /* NewEnvelopeViewController.swift */; };
		D4EBCD0F22F7A930000E46AB /* ManageIncomeViewController.swift in Sources */ = {isa = PBXBuildFile; fileRef = D4EBCD0E22F7A930000E46AB /* ManageIncomeViewController.swift */; };
		D4EBCD1522F92414000E46AB /* String+CurrencyFormatting.swift in Sources */ = {isa = PBXBuildFile; fileRef = D4EBCD1422F92414000E46AB /* String+CurrencyFormatting.swift */; };
		D4EBCD1723009D97000E46AB /* AddIncomeViewController.swift in Sources */ = {isa = PBXBuildFile; fileRef = D4EBCD1623009D97000E46AB /* AddIncomeViewController.swift */; };
		D4EBCD192300AB26000E46AB /* CustomAmtViewController.swift in Sources */ = {isa = PBXBuildFile; fileRef = D4EBCD182300AB26000E46AB /* CustomAmtViewController.swift */; };
/* End PBXBuildFile section */

/* Begin PBXFileReference section */
		D4EBCCE122F0FC9A000E46AB /* Budget App.app */ = {isa = PBXFileReference; explicitFileType = wrapper.application; includeInIndex = 0; path = "Budget App.app"; sourceTree = BUILT_PRODUCTS_DIR; };
		D4EBCCE422F0FC9A000E46AB /* AppDelegate.swift */ = {isa = PBXFileReference; lastKnownFileType = sourcecode.swift; path = AppDelegate.swift; sourceTree = "<group>"; };
		D4EBCCE622F0FC9A000E46AB /* PeriodViewController.swift */ = {isa = PBXFileReference; lastKnownFileType = sourcecode.swift; path = PeriodViewController.swift; sourceTree = "<group>"; };
		D4EBCCE922F0FC9A000E46AB /* Base */ = {isa = PBXFileReference; lastKnownFileType = file.storyboard; name = Base; path = Base.lproj/Main.storyboard; sourceTree = "<group>"; };
		D4EBCCEB22F0FC9B000E46AB /* Assets.xcassets */ = {isa = PBXFileReference; lastKnownFileType = folder.assetcatalog; path = Assets.xcassets; sourceTree = "<group>"; };
		D4EBCCEE22F0FC9B000E46AB /* Base */ = {isa = PBXFileReference; lastKnownFileType = file.storyboard; name = Base; path = Base.lproj/LaunchScreen.storyboard; sourceTree = "<group>"; };
		D4EBCCF022F0FC9B000E46AB /* Info.plist */ = {isa = PBXFileReference; lastKnownFileType = text.plist.xml; path = Info.plist; sourceTree = "<group>"; };
		D4EBCCF622F0FDE5000E46AB /* Envelope.swift */ = {isa = PBXFileReference; lastKnownFileType = sourcecode.swift; path = Envelope.swift; sourceTree = "<group>"; };
		D4EBCCFA22F10DF2000E46AB /* FilledSpentBar.swift */ = {isa = PBXFileReference; lastKnownFileType = sourcecode.swift; path = FilledSpentBar.swift; sourceTree = "<group>"; };
		D4EBCD0222F5317E000E46AB /* EnvelopeTableViewCell.swift */ = {isa = PBXFileReference; lastKnownFileType = sourcecode.swift; path = EnvelopeTableViewCell.swift; sourceTree = "<group>"; };
		D4EBCD0422F5E463000E46AB /* EnvelopeDetailsViewController.swift */ = {isa = PBXFileReference; lastKnownFileType = sourcecode.swift; path = EnvelopeDetailsViewController.swift; sourceTree = "<group>"; };
		D4EBCD0622F6443C000E46AB /* AllPeriodsViewController.swift */ = {isa = PBXFileReference; lastKnownFileType = sourcecode.swift; path = AllPeriodsViewController.swift; sourceTree = "<group>"; };
		D4EBCD0822F6468C000E46AB /* Period.swift */ = {isa = PBXFileReference; lastKnownFileType = sourcecode.swift; path = Period.swift; sourceTree = "<group>"; };
		D4EBCD0A22F6827E000E46AB /* NewPeriodViewController.swift */ = {isa = PBXFileReference; lastKnownFileType = sourcecode.swift; path = NewPeriodViewController.swift; sourceTree = "<group>"; };
		D4EBCD0C22F79ED3000E46AB /* NewEnvelopeViewController.swift */ = {isa = PBXFileReference; lastKnownFileType = sourcecode.swift; path = NewEnvelopeViewController.swift; sourceTree = "<group>"; };
		D4EBCD0E22F7A930000E46AB /* ManageIncomeViewController.swift */ = {isa = PBXFileReference; lastKnownFileType = sourcecode.swift; path = ManageIncomeViewController.swift; sourceTree = "<group>"; };
		D4EBCD1422F92414000E46AB /* String+CurrencyFormatting.swift */ = {isa = PBXFileReference; lastKnownFileType = sourcecode.swift; path = "String+CurrencyFormatting.swift"; sourceTree = "<group>"; };
		D4EBCD1623009D97000E46AB /* AddIncomeViewController.swift */ = {isa = PBXFileReference; lastKnownFileType = sourcecode.swift; path = AddIncomeViewController.swift; sourceTree = "<group>"; };
		D4EBCD182300AB26000E46AB /* CustomAmtViewController.swift */ = {isa = PBXFileReference; lastKnownFileType = sourcecode.swift; path = CustomAmtViewController.swift; sourceTree = "<group>"; };
/* End PBXFileReference section */

/* Begin PBXFrameworksBuildPhase section */
		D4EBCCDE22F0FC9A000E46AB /* Frameworks */ = {
			isa = PBXFrameworksBuildPhase;
			buildActionMask = 2147483647;
			files = (
			);
			runOnlyForDeploymentPostprocessing = 0;
		};
/* End PBXFrameworksBuildPhase section */

/* Begin PBXGroup section */
		D4EBCCD822F0FC9A000E46AB = {
			isa = PBXGroup;
			children = (
				D4EBCCE322F0FC9A000E46AB /* Budget App */,
				D4EBCCE222F0FC9A000E46AB /* Products */,
			);
			sourceTree = "<group>";
		};
		D4EBCCE222F0FC9A000E46AB /* Products */ = {
			isa = PBXGroup;
			children = (
				D4EBCCE122F0FC9A000E46AB /* Budget App.app */,
			);
			name = Products;
			sourceTree = "<group>";
		};
		D4EBCCE322F0FC9A000E46AB /* Budget App */ = {
			isa = PBXGroup;
			children = (
				D4EBCD1422F92414000E46AB /* String+CurrencyFormatting.swift */,
				D4EBCD0222F5317E000E46AB /* EnvelopeTableViewCell.swift */,
				D4EBCD1122F7A97E000E46AB /* Models */,
				D4EBCCE422F0FC9A000E46AB /* AppDelegate.swift */,
				D4EBCD1022F7A959000E46AB /* View-Controllers */,
				D4EBCCE822F0FC9A000E46AB /* Main.storyboard */,
				D4EBCCFA22F10DF2000E46AB /* FilledSpentBar.swift */,
				D4EBCCEB22F0FC9B000E46AB /* Assets.xcassets */,
				D4EBCCED22F0FC9B000E46AB /* LaunchScreen.storyboard */,
				D4EBCCF022F0FC9B000E46AB /* Info.plist */,
			);
			path = "Budget App";
			sourceTree = "<group>";
		};
		D4EBCD1022F7A959000E46AB /* View-Controllers */ = {
			isa = PBXGroup;
			children = (
				D4EBCD182300AB26000E46AB /* CustomAmtViewController.swift */,
				D4EBCCE622F0FC9A000E46AB /* PeriodViewController.swift */,
				D4EBCD0E22F7A930000E46AB /* ManageIncomeViewController.swift */,
				D4EBCD1623009D97000E46AB /* AddIncomeViewController.swift */,
				D4EBCD0A22F6827E000E46AB /* NewPeriodViewController.swift */,
				D4EBCD0C22F79ED3000E46AB /* NewEnvelopeViewController.swift */,
				D4EBCD0622F6443C000E46AB /* AllPeriodsViewController.swift */,
				D4EBCD0422F5E463000E46AB /* EnvelopeDetailsViewController.swift */,
			);
			path = "View-Controllers";
			sourceTree = "<group>";
		};
		D4EBCD1122F7A97E000E46AB /* Models */ = {
			isa = PBXGroup;
			children = (
				D4EBCCF622F0FDE5000E46AB /* Envelope.swift */,
				D4EBCD0822F6468C000E46AB /* Period.swift */,
			);
			path = Models;
			sourceTree = "<group>";
		};
/* End PBXGroup section */

/* Begin PBXNativeTarget section */
		D4EBCCE022F0FC9A000E46AB /* Budget App */ = {
			isa = PBXNativeTarget;
			buildConfigurationList = D4EBCCF322F0FC9B000E46AB /* Build configuration list for PBXNativeTarget "Budget App" */;
			buildPhases = (
				D4EBCCDD22F0FC9A000E46AB /* Sources */,
				D4EBCCDE22F0FC9A000E46AB /* Frameworks */,
				D4EBCCDF22F0FC9A000E46AB /* Resources */,
			);
			buildRules = (
			);
			dependencies = (
			);
			name = "Budget App";
			productName = "Budget App";
			productReference = D4EBCCE122F0FC9A000E46AB /* Budget App.app */;
			productType = "com.apple.product-type.application";
		};
/* End PBXNativeTarget section */

/* Begin PBXProject section */
		D4EBCCD922F0FC9A000E46AB /* Project object */ = {
			isa = PBXProject;
			attributes = {
				LastSwiftUpdateCheck = 1010;
				LastUpgradeCheck = 1010;
				ORGANIZATIONNAME = "William Leung";
				TargetAttributes = {
					D4EBCCE022F0FC9A000E46AB = {
						CreatedOnToolsVersion = 10.1;
					};
				};
			};
			buildConfigurationList = D4EBCCDC22F0FC9A000E46AB /* Build configuration list for PBXProject "Budget App" */;
			compatibilityVersion = "Xcode 9.3";
			developmentRegion = en;
			hasScannedForEncodings = 0;
			knownRegions = (
				en,
				Base,
			);
			mainGroup = D4EBCCD822F0FC9A000E46AB;
			productRefGroup = D4EBCCE222F0FC9A000E46AB /* Products */;
			projectDirPath = "";
			projectRoot = "";
			targets = (
				D4EBCCE022F0FC9A000E46AB /* Budget App */,
			);
		};
/* End PBXProject section */

/* Begin PBXResourcesBuildPhase section */
		D4EBCCDF22F0FC9A000E46AB /* Resources */ = {
			isa = PBXResourcesBuildPhase;
			buildActionMask = 2147483647;
			files = (
				D4EBCCEF22F0FC9B000E46AB /* LaunchScreen.storyboard in Resources */,
				D4EBCCEC22F0FC9B000E46AB /* Assets.xcassets in Resources */,
				D4EBCCEA22F0FC9A000E46AB /* Main.storyboard in Resources */,
			);
			runOnlyForDeploymentPostprocessing = 0;
		};
/* End PBXResourcesBuildPhase section */

/* Begin PBXSourcesBuildPhase section */
		D4EBCCDD22F0FC9A000E46AB /* Sources */ = {
			isa = PBXSourcesBuildPhase;
			buildActionMask = 2147483647;
			files = (
				D4EBCCE722F0FC9A000E46AB /* PeriodViewController.swift in Sources */,
				D4EBCD1723009D97000E46AB /* AddIncomeViewController.swift in Sources */,
				D4EBCD0F22F7A930000E46AB /* ManageIncomeViewController.swift in Sources */,
				D4EBCCF722F0FDE5000E46AB /* Envelope.swift in Sources */,
				D4EBCD0B22F6827E000E46AB /* NewPeriodViewController.swift in Sources */,
				D4EBCD0522F5E463000E46AB /* EnvelopeDetailsViewController.swift in Sources */,
				D4EBCD0D22F79ED3000E46AB /* NewEnvelopeViewController.swift in Sources */,
				D4EBCCE522F0FC9A000E46AB /* AppDelegate.swift in Sources */,
				D4EBCD192300AB26000E46AB /* CustomAmtViewController.swift in Sources */,
				D4EBCCFB22F10DF2000E46AB /* FilledSpentBar.swift in Sources */,
				D4EBCD0922F6468C000E46AB /* Period.swift in Sources */,
				D4EBCD0322F5317E000E46AB /* EnvelopeTableViewCell.swift in Sources */,
				D4EBCD1522F92414000E46AB /* String+CurrencyFormatting.swift in Sources */,
				D4EBCD0722F6443C000E46AB /* AllPeriodsViewController.swift in Sources */,
			);
			runOnlyForDeploymentPostprocessing = 0;
		};
/* End PBXSourcesBuildPhase section */

/* Begin PBXVariantGroup section */
		D4EBCCE822F0FC9A000E46AB /* Main.storyboard */ = {
			isa = PBXVariantGroup;
			children = (
				D4EBCCE922F0FC9A000E46AB /* Base */,
			);
			name = Main.storyboard;
			sourceTree = "<group>";
		};
		D4EBCCED22F0FC9B000E46AB /* LaunchScreen.storyboard */ = {
			isa = PBXVariantGroup;
			children = (
				D4EBCCEE22F0FC9B000E46AB /* Base */,
			);
			name = LaunchScreen.storyboard;
			sourceTree = "<group>";
		};
/* End PBXVariantGroup section */

/* Begin XCBuildConfiguration section */
		D4EBCCF122F0FC9B000E46AB /* Debug */ = {
			isa = XCBuildConfiguration;
			buildSettings = {
				ALWAYS_SEARCH_USER_PATHS = NO;
				CLANG_ANALYZER_NONNULL = YES;
				CLANG_ANALYZER_NUMBER_OBJECT_CONVERSION = YES_AGGRESSIVE;
				CLANG_CXX_LANGUAGE_STANDARD = "gnu++14";
				CLANG_CXX_LIBRARY = "libc++";
				CLANG_ENABLE_MODULES = YES;
				CLANG_ENABLE_OBJC_ARC = YES;
				CLANG_ENABLE_OBJC_WEAK = YES;
				CLANG_WARN_BLOCK_CAPTURE_AUTORELEASING = YES;
				CLANG_WARN_BOOL_CONVERSION = YES;
				CLANG_WARN_COMMA = YES;
				CLANG_WARN_CONSTANT_CONVERSION = YES;
				CLANG_WARN_DEPRECATED_OBJC_IMPLEMENTATIONS = YES;
				CLANG_WARN_DIRECT_OBJC_ISA_USAGE = YES_ERROR;
				CLANG_WARN_DOCUMENTATION_COMMENTS = YES;
				CLANG_WARN_EMPTY_BODY = YES;
				CLANG_WARN_ENUM_CONVERSION = YES;
				CLANG_WARN_INFINITE_RECURSION = YES;
				CLANG_WARN_INT_CONVERSION = YES;
				CLANG_WARN_NON_LITERAL_NULL_CONVERSION = YES;
				CLANG_WARN_OBJC_IMPLICIT_RETAIN_SELF = YES;
				CLANG_WARN_OBJC_LITERAL_CONVERSION = YES;
				CLANG_WARN_OBJC_ROOT_CLASS = YES_ERROR;
				CLANG_WARN_RANGE_LOOP_ANALYSIS = YES;
				CLANG_WARN_STRICT_PROTOTYPES = YES;
				CLANG_WARN_SUSPICIOUS_MOVE = YES;
				CLANG_WARN_UNGUARDED_AVAILABILITY = YES_AGGRESSIVE;
				CLANG_WARN_UNREACHABLE_CODE = YES;
				CLANG_WARN__DUPLICATE_METHOD_MATCH = YES;
				CODE_SIGN_IDENTITY = "iPhone Developer";
				COPY_PHASE_STRIP = NO;
				DEBUG_INFORMATION_FORMAT = dwarf;
				ENABLE_STRICT_OBJC_MSGSEND = YES;
				ENABLE_TESTABILITY = YES;
				GCC_C_LANGUAGE_STANDARD = gnu11;
				GCC_DYNAMIC_NO_PIC = NO;
				GCC_NO_COMMON_BLOCKS = YES;
				GCC_OPTIMIZATION_LEVEL = 0;
				GCC_PREPROCESSOR_DEFINITIONS = (
					"DEBUG=1",
					"$(inherited)",
				);
				GCC_WARN_64_TO_32_BIT_CONVERSION = YES;
				GCC_WARN_ABOUT_RETURN_TYPE = YES_ERROR;
				GCC_WARN_UNDECLARED_SELECTOR = YES;
				GCC_WARN_UNINITIALIZED_AUTOS = YES_AGGRESSIVE;
				GCC_WARN_UNUSED_FUNCTION = YES;
				GCC_WARN_UNUSED_VARIABLE = YES;
				IPHONEOS_DEPLOYMENT_TARGET = 12.1;
				MTL_ENABLE_DEBUG_INFO = INCLUDE_SOURCE;
				MTL_FAST_MATH = YES;
				ONLY_ACTIVE_ARCH = YES;
				SDKROOT = iphoneos;
				SWIFT_ACTIVE_COMPILATION_CONDITIONS = DEBUG;
				SWIFT_OPTIMIZATION_LEVEL = "-Onone";
			};
			name = Debug;
		};
		D4EBCCF222F0FC9B000E46AB /* Release */ = {
			isa = XCBuildConfiguration;
			buildSettings = {
				ALWAYS_SEARCH_USER_PATHS = NO;
				CLANG_ANALYZER_NONNULL = YES;
				CLANG_ANALYZER_NUMBER_OBJECT_CONVERSION = YES_AGGRESSIVE;
				CLANG_CXX_LANGUAGE_STANDARD = "gnu++14";
				CLANG_CXX_LIBRARY = "libc++";
				CLANG_ENABLE_MODULES = YES;
				CLANG_ENABLE_OBJC_ARC = YES;
				CLANG_ENABLE_OBJC_WEAK = YES;
				CLANG_WARN_BLOCK_CAPTURE_AUTORELEASING = YES;
				CLANG_WARN_BOOL_CONVERSION = YES;
				CLANG_WARN_COMMA = YES;
				CLANG_WARN_CONSTANT_CONVERSION = YES;
				CLANG_WARN_DEPRECATED_OBJC_IMPLEMENTATIONS = YES;
				CLANG_WARN_DIRECT_OBJC_ISA_USAGE = YES_ERROR;
				CLANG_WARN_DOCUMENTATION_COMMENTS = YES;
				CLANG_WARN_EMPTY_BODY = YES;
				CLANG_WARN_ENUM_CONVERSION = YES;
				CLANG_WARN_INFINITE_RECURSION = YES;
				CLANG_WARN_INT_CONVERSION = YES;
				CLANG_WARN_NON_LITERAL_NULL_CONVERSION = YES;
				CLANG_WARN_OBJC_IMPLICIT_RETAIN_SELF = YES;
				CLANG_WARN_OBJC_LITERAL_CONVERSION = YES;
				CLANG_WARN_OBJC_ROOT_CLASS = YES_ERROR;
				CLANG_WARN_RANGE_LOOP_ANALYSIS = YES;
				CLANG_WARN_STRICT_PROTOTYPES = YES;
				CLANG_WARN_SUSPICIOUS_MOVE = YES;
				CLANG_WARN_UNGUARDED_AVAILABILITY = YES_AGGRESSIVE;
				CLANG_WARN_UNREACHABLE_CODE = YES;
				CLANG_WARN__DUPLICATE_METHOD_MATCH = YES;
				CODE_SIGN_IDENTITY = "iPhone Developer";
				COPY_PHASE_STRIP = NO;
				DEBUG_INFORMATION_FORMAT = "dwarf-with-dsym";
				ENABLE_NS_ASSERTIONS = NO;
				ENABLE_STRICT_OBJC_MSGSEND = YES;
				GCC_C_LANGUAGE_STANDARD = gnu11;
				GCC_NO_COMMON_BLOCKS = YES;
				GCC_WARN_64_TO_32_BIT_CONVERSION = YES;
				GCC_WARN_ABOUT_RETURN_TYPE = YES_ERROR;
				GCC_WARN_UNDECLARED_SELECTOR = YES;
				GCC_WARN_UNINITIALIZED_AUTOS = YES_AGGRESSIVE;
				GCC_WARN_UNUSED_FUNCTION = YES;
				GCC_WARN_UNUSED_VARIABLE = YES;
				IPHONEOS_DEPLOYMENT_TARGET = 12.1;
				MTL_ENABLE_DEBUG_INFO = NO;
				MTL_FAST_MATH = YES;
				SDKROOT = iphoneos;
				SWIFT_COMPILATION_MODE = wholemodule;
				SWIFT_OPTIMIZATION_LEVEL = "-O";
				VALIDATE_PRODUCT = YES;
			};
			name = Release;
		};
		D4EBCCF422F0FC9B000E46AB /* Debug */ = {
			isa = XCBuildConfiguration;
			buildSettings = {
				ASSETCATALOG_COMPILER_APPICON_NAME = AppIcon;
				CODE_SIGN_STYLE = Automatic;
				DEVELOPMENT_TEAM = 474283QGNU;
				INFOPLIST_FILE = "Budget App/Info.plist";
				LD_RUNPATH_SEARCH_PATHS = (
					"$(inherited)",
					"@executable_path/Frameworks",
				);
				PRODUCT_BUNDLE_IDENTIFIER = "com.example.personal-budget-app";
				PRODUCT_NAME = "$(TARGET_NAME)";
				SWIFT_VERSION = 4.2;
				TARGETED_DEVICE_FAMILY = "1,2";
			};
			name = Debug;
		};
		D4EBCCF522F0FC9B000E46AB /* Release */ = {
			isa = XCBuildConfiguration;
			buildSettings = {
				ASSETCATALOG_COMPILER_APPICON_NAME = AppIcon;
				CODE_SIGN_STYLE = Automatic;
				DEVELOPMENT_TEAM = 474283QGNU;
				INFOPLIST_FILE = "Budget App/Info.plist";
				LD_RUNPATH_SEARCH_PATHS = (
					"$(inherited)",
					"@executable_path/Frameworks",
				);
				PRODUCT_BUNDLE_IDENTIFIER = "com.example.personal-budget-app";
				PRODUCT_NAME = "$(TARGET_NAME)";
				SWIFT_VERSION = 4.2;
				TARGETED_DEVICE_FAMILY = "1,2";
			};
			name = Release;
		};
/* End XCBuildConfiguration section */

/* Begin XCConfigurationList section */
		D4EBCCDC22F0FC9A000E46AB /* Build configuration list for PBXProject "Budget App" */ = {
			isa = XCConfigurationList;
			buildConfigurations = (
				D4EBCCF122F0FC9B000E46AB /* Debug */,
				D4EBCCF222F0FC9B000E46AB /* Release */,
			);
			defaultConfigurationIsVisible = 0;
			defaultConfigurationName = Release;
		};
		D4EBCCF322F0FC9B000E46AB /* Build configuration list for PBXNativeTarget "Budget App" */ = {
			isa = XCConfigurationList;
			buildConfigurations = (
				D4EBCCF422F0FC9B000E46AB /* Debug */,
				D4EBCCF522F0FC9B000E46AB /* Release */,
			);
			defaultConfigurationIsVisible = 0;
			defaultConfigurationName = Release;
		};
/* End XCConfigurationList section */
	};
	rootObject = D4EBCCD922F0FC9A000E46AB /* Project object */;
}
